
Microsoft Visual Studio Solution File, Format Version 12.00
# Visual Studio Version 16
VisualStudioVersion = 16.0.30204.135
MinimumVisualStudioVersion = 10.0.40219.1
Project("{FAE04EC0-301F-11D3-BF4B-00C04F79EFBC}") = "MafiaGraphik", "MafiaGraphik.csproj", "{8DCAA3F3-227B-4767-AFD0-223F3AB90A68}"
EndProject
Global
	GlobalSection(SolutionConfigurationPlatforms) = preSolution
		Debug|Any CPU = Debug|Any CPU
		Release|Any CPU = Release|Any CPU
	EndGlobalSection
	GlobalSection(ProjectConfigurationPlatforms) = postSolution
		{8DCAA3F3-227B-4767-AFD0-223F3AB90A68}.Debug|Any CPU.ActiveCfg = Debug|Any CPU
		{8DCAA3F3-227B-4767-AFD0-223F3AB90A68}.Debug|Any CPU.Build.0 = Debug|Any CPU
		{8DCAA3F3-227B-4767-AFD0-223F3AB90A68}.Release|Any CPU.ActiveCfg = Release|Any CPU
		{8DCAA3F3-227B-4767-AFD0-223F3AB90A68}.Release|Any CPU.Build.0 = Release|Any CPU
	EndGlobalSection
	GlobalSection(SolutionProperties) = preSolution
		HideSolutionNode = FALSE
	EndGlobalSection
	GlobalSection(ExtensibilityGlobals) = postSolution
		SolutionGuid = {D0053AD9-1BF2-4844-83B4-8F5FEAEE7415}
	EndGlobalSection
EndGlobal
